
Microsoft Visual Studio Solution File, Format Version 12.00
# Visual Studio Version 17
VisualStudioVersion = 17.4.33213.308
MinimumVisualStudioVersion = 10.0.40219.1
Project("{9A19103F-16F7-4668-BE54-9A1E7A4F7556}") = "CSharpBook", "CSharpBook\CSharpBook.csproj", "{288EDD96-F106-4EC2-A9D9-0F810A2FB34C}"
EndProject
Project("{9A19103F-16F7-4668-BE54-9A1E7A4F7556}") = "ChapterTwo", "ChapterTwo\ChapterTwo.csproj", "{26121375-A970-43B1-BBF0-24F24E1B9553}"
EndProject
Project("{9A19103F-16F7-4668-BE54-9A1E7A4F7556}") = "FormattingChapter2", "FormattingChapter2\FormattingChapter2.csproj", "{7CA0F956-6C85-488B-A9AD-7685336C1EDC}"
EndProject
Project("{9A19103F-16F7-4668-BE54-9A1E7A4F7556}") = "Arguments", "Arguments\Arguments.csproj", "{9A64F925-CBCB-45BC-867E-E4D4D45B7F8D}"
EndProject
Project("{9A19103F-16F7-4668-BE54-9A1E7A4F7556}") = "AsyncConsole", "AsyncConsole\AsyncConsole.csproj", "{3315A61B-AFB1-4FC9-8F3C-4058C8FC1E1B}"
EndProject
Project("{9A19103F-16F7-4668-BE54-9A1E7A4F7556}") = "Section2.3Pratice", "Section2.3Pratice\Section2.3Pratice.csproj", "{CAAB9415-51FC-4A56-A00C-3FC19E394D34}"
EndProject
Project("{9A19103F-16F7-4668-BE54-9A1E7A4F7556}") = "Chapter3OprationsOnVariables", "Chapter3OprationsOnVariables\Chapter3OprationsOnVariables.csproj", "{D5494C08-D55D-451D-AD68-3B33EFF8DB95}"
EndProject
Project("{9A19103F-16F7-4668-BE54-9A1E7A4F7556}") = "Ch3BooleanOperators", "Ch3BooleanOperators\Ch3BooleanOperators.csproj", "{233A2D43-4DB5-4730-8108-93A321894790}"
EndProject
Project("{9A19103F-16F7-4668-BE54-9A1E7A4F7556}") = "BitwiseAndShiftOperators to the Chapter03workspace", "BitwiseAndShiftOperators to the Chapter03workspace\BitwiseAndShiftOperators to the Chapter03workspace.csproj", "{83AF8DC6-A50C-4668-8B62-CCD9EE5C9090}"
EndProject
Project("{9A19103F-16F7-4668-BE54-9A1E7A4F7556}") = "SelectionStatements", "SelectionStatements\SelectionStatements.csproj", "{A4C95718-405A-4E1C-93BA-691E35C09F84}"
EndProject
Project("{9A19103F-16F7-4668-BE54-9A1E7A4F7556}") = "IterationStatements]", "IterationStatements]\IterationStatements].csproj", "{FDC14530-77A1-4C2C-A8AB-F3E0522DD04C}"
EndProject
Project("{9A19103F-16F7-4668-BE54-9A1E7A4F7556}") = "Arrays", "Arrays\Arrays.csproj", "{B309298B-9C98-4F23-8A55-50F1C5A2696E}"
EndProject
Project("{FAE04EC0-301F-11D3-BF4B-00C04F79EFBC}") = "CastingConverting", "CastingConverting\CastingConverting.csproj", "{EA3ACF4D-C764-4F09-92F3-9D5A81F96553}"
EndProject
Global
	GlobalSection(SolutionConfigurationPlatforms) = preSolution
		Debug|Any CPU = Debug|Any CPU
		Debug|x64 = Debug|x64
		Debug|x86 = Debug|x86
		Release|Any CPU = Release|Any CPU
		Release|x64 = Release|x64
		Release|x86 = Release|x86
	EndGlobalSection
	GlobalSection(ProjectConfigurationPlatforms) = postSolution
		{288EDD96-F106-4EC2-A9D9-0F810A2FB34C}.Debug|Any CPU.ActiveCfg = Debug|Any CPU
		{288EDD96-F106-4EC2-A9D9-0F810A2FB34C}.Debug|Any CPU.Build.0 = Debug|Any CPU
		{288EDD96-F106-4EC2-A9D9-0F810A2FB34C}.Debug|x64.ActiveCfg = Debug|Any CPU
		{288EDD96-F106-4EC2-A9D9-0F810A2FB34C}.Debug|x64.Build.0 = Debug|Any CPU
		{288EDD96-F106-4EC2-A9D9-0F810A2FB34C}.Debug|x86.ActiveCfg = Debug|Any CPU
		{288EDD96-F106-4EC2-A9D9-0F810A2FB34C}.Debug|x86.Build.0 = Debug|Any CPU
		{288EDD96-F106-4EC2-A9D9-0F810A2FB34C}.Release|Any CPU.ActiveCfg = Release|Any CPU
		{288EDD96-F106-4EC2-A9D9-0F810A2FB34C}.Release|Any CPU.Build.0 = Release|Any CPU
		{288EDD96-F106-4EC2-A9D9-0F810A2FB34C}.Release|x64.ActiveCfg = Release|Any CPU
		{288EDD96-F106-4EC2-A9D9-0F810A2FB34C}.Release|x64.Build.0 = Release|Any CPU
		{288EDD96-F106-4EC2-A9D9-0F810A2FB34C}.Release|x86.ActiveCfg = Release|Any CPU
		{288EDD96-F106-4EC2-A9D9-0F810A2FB34C}.Release|x86.Build.0 = Release|Any CPU
		{26121375-A970-43B1-BBF0-24F24E1B9553}.Debug|Any CPU.ActiveCfg = Debug|Any CPU
		{26121375-A970-43B1-BBF0-24F24E1B9553}.Debug|Any CPU.Build.0 = Debug|Any CPU
		{26121375-A970-43B1-BBF0-24F24E1B9553}.Debug|x64.ActiveCfg = Debug|Any CPU
		{26121375-A970-43B1-BBF0-24F24E1B9553}.Debug|x64.Build.0 = Debug|Any CPU
		{26121375-A970-43B1-BBF0-24F24E1B9553}.Debug|x86.ActiveCfg = Debug|Any CPU
		{26121375-A970-43B1-BBF0-24F24E1B9553}.Debug|x86.Build.0 = Debug|Any CPU
		{26121375-A970-43B1-BBF0-24F24E1B9553}.Release|Any CPU.ActiveCfg = Release|Any CPU
		{26121375-A970-43B1-BBF0-24F24E1B9553}.Release|Any CPU.Build.0 = Release|Any CPU
		{26121375-A970-43B1-BBF0-24F24E1B9553}.Release|x64.ActiveCfg = Release|Any CPU
		{26121375-A970-43B1-BBF0-24F24E1B9553}.Release|x64.Build.0 = Release|Any CPU
		{26121375-A970-43B1-BBF0-24F24E1B9553}.Release|x86.ActiveCfg = Release|Any CPU
		{26121375-A970-43B1-BBF0-24F24E1B9553}.Release|x86.Build.0 = Release|Any CPU
		{7CA0F956-6C85-488B-A9AD-7685336C1EDC}.Debug|Any CPU.ActiveCfg = Debug|Any CPU
		{7CA0F956-6C85-488B-A9AD-7685336C1EDC}.Debug|Any CPU.Build.0 = Debug|Any CPU
		{7CA0F956-6C85-488B-A9AD-7685336C1EDC}.Debug|x64.ActiveCfg = Debug|Any CPU
		{7CA0F956-6C85-488B-A9AD-7685336C1EDC}.Debug|x64.Build.0 = Debug|Any CPU
		{7CA0F956-6C85-488B-A9AD-7685336C1EDC}.Debug|x86.ActiveCfg = Debug|Any CPU
		{7CA0F956-6C85-488B-A9AD-7685336C1EDC}.Debug|x86.Build.0 = Debug|Any CPU
		{7CA0F956-6C85-488B-A9AD-7685336C1EDC}.Release|Any CPU.ActiveCfg = Release|Any CPU
		{7CA0F956-6C85-488B-A9AD-7685336C1EDC}.Release|Any CPU.Build.0 = Release|Any CPU
		{7CA0F956-6C85-488B-A9AD-7685336C1EDC}.Release|x64.ActiveCfg = Release|Any CPU
		{7CA0F956-6C85-488B-A9AD-7685336C1EDC}.Release|x64.Build.0 = Release|Any CPU
		{7CA0F956-6C85-488B-A9AD-7685336C1EDC}.Release|x86.ActiveCfg = Release|Any CPU
		{7CA0F956-6C85-488B-A9AD-7685336C1EDC}.Release|x86.Build.0 = Release|Any CPU
		{9A64F925-CBCB-45BC-867E-E4D4D45B7F8D}.Debug|Any CPU.ActiveCfg = Debug|Any CPU
		{9A64F925-CBCB-45BC-867E-E4D4D45B7F8D}.Debug|Any CPU.Build.0 = Debug|Any CPU
		{9A64F925-CBCB-45BC-867E-E4D4D45B7F8D}.Debug|x64.ActiveCfg = Debug|Any CPU
		{9A64F925-CBCB-45BC-867E-E4D4D45B7F8D}.Debug|x64.Build.0 = Debug|Any CPU
		{9A64F925-CBCB-45BC-867E-E4D4D45B7F8D}.Debug|x86.ActiveCfg = Debug|Any CPU
		{9A64F925-CBCB-45BC-867E-E4D4D45B7F8D}.Debug|x86.Build.0 = Debug|Any CPU
		{9A64F925-CBCB-45BC-867E-E4D4D45B7F8D}.Release|Any CPU.ActiveCfg = Release|Any CPU
		{9A64F925-CBCB-45BC-867E-E4D4D45B7F8D}.Release|Any CPU.Build.0 = Release|Any CPU
		{9A64F925-CBCB-45BC-867E-E4D4D45B7F8D}.Release|x64.ActiveCfg = Release|Any CPU
		{9A64F925-CBCB-45BC-867E-E4D4D45B7F8D}.Release|x64.Build.0 = Release|Any CPU
		{9A64F925-CBCB-45BC-867E-E4D4D45B7F8D}.Release|x86.ActiveCfg = Release|Any CPU
		{9A64F925-CBCB-45BC-867E-E4D4D45B7F8D}.Release|x86.Build.0 = Release|Any CPU
		{3315A61B-AFB1-4FC9-8F3C-4058C8FC1E1B}.Debug|Any CPU.ActiveCfg = Debug|Any CPU
		{3315A61B-AFB1-4FC9-8F3C-4058C8FC1E1B}.Debug|Any CPU.Build.0 = Debug|Any CPU
		{3315A61B-AFB1-4FC9-8F3C-4058C8FC1E1B}.Debug|x64.ActiveCfg = Debug|Any CPU
		{3315A61B-AFB1-4FC9-8F3C-4058C8FC1E1B}.Debug|x64.Build.0 = Debug|Any CPU
		{3315A61B-AFB1-4FC9-8F3C-4058C8FC1E1B}.Debug|x86.ActiveCfg = Debug|Any CPU
		{3315A61B-AFB1-4FC9-8F3C-4058C8FC1E1B}.Debug|x86.Build.0 = Debug|Any CPU
		{3315A61B-AFB1-4FC9-8F3C-4058C8FC1E1B}.Release|Any CPU.ActiveCfg = Release|Any CPU
		{3315A61B-AFB1-4FC9-8F3C-4058C8FC1E1B}.Release|Any CPU.Build.0 = Release|Any CPU
		{3315A61B-AFB1-4FC9-8F3C-4058C8FC1E1B}.Release|x64.ActiveCfg = Release|Any CPU
		{3315A61B-AFB1-4FC9-8F3C-4058C8FC1E1B}.Release|x64.Build.0 = Release|Any CPU
		{3315A61B-AFB1-4FC9-8F3C-4058C8FC1E1B}.Release|x86.ActiveCfg = Release|Any CPU
		{3315A61B-AFB1-4FC9-8F3C-4058C8FC1E1B}.Release|x86.Build.0 = Release|Any CPU
		{CAAB9415-51FC-4A56-A00C-3FC19E394D34}.Debug|Any CPU.ActiveCfg = Debug|Any CPU
		{CAAB9415-51FC-4A56-A00C-3FC19E394D34}.Debug|Any CPU.Build.0 = Debug|Any CPU
		{CAAB9415-51FC-4A56-A00C-3FC19E394D34}.Debug|x64.ActiveCfg = Debug|Any CPU
		{CAAB9415-51FC-4A56-A00C-3FC19E394D34}.Debug|x64.Build.0 = Debug|Any CPU
		{CAAB9415-51FC-4A56-A00C-3FC19E394D34}.Debug|x86.ActiveCfg = Debug|Any CPU
		{CAAB9415-51FC-4A56-A00C-3FC19E394D34}.Debug|x86.Build.0 = Debug|Any CPU
		{CAAB9415-51FC-4A56-A00C-3FC19E394D34}.Release|Any CPU.ActiveCfg = Release|Any CPU
		{CAAB9415-51FC-4A56-A00C-3FC19E394D34}.Release|Any CPU.Build.0 = Release|Any CPU
		{CAAB9415-51FC-4A56-A00C-3FC19E394D34}.Release|x64.ActiveCfg = Release|Any CPU
		{CAAB9415-51FC-4A56-A00C-3FC19E394D34}.Release|x64.Build.0 = Release|Any CPU
		{CAAB9415-51FC-4A56-A00C-3FC19E394D34}.Release|x86.ActiveCfg = Release|Any CPU
		{CAAB9415-51FC-4A56-A00C-3FC19E394D34}.Release|x86.Build.0 = Release|Any CPU
		{D5494C08-D55D-451D-AD68-3B33EFF8DB95}.Debug|Any CPU.ActiveCfg = Debug|Any CPU
		{D5494C08-D55D-451D-AD68-3B33EFF8DB95}.Debug|Any CPU.Build.0 = Debug|Any CPU
		{D5494C08-D55D-451D-AD68-3B33EFF8DB95}.Debug|x64.ActiveCfg = Debug|Any CPU
		{D5494C08-D55D-451D-AD68-3B33EFF8DB95}.Debug|x64.Build.0 = Debug|Any CPU
		{D5494C08-D55D-451D-AD68-3B33EFF8DB95}.Debug|x86.ActiveCfg = Debug|Any CPU
		{D5494C08-D55D-451D-AD68-3B33EFF8DB95}.Debug|x86.Build.0 = Debug|Any CPU
		{D5494C08-D55D-451D-AD68-3B33EFF8DB95}.Release|Any CPU.ActiveCfg = Release|Any CPU
		{D5494C08-D55D-451D-AD68-3B33EFF8DB95}.Release|Any CPU.Build.0 = Release|Any CPU
		{D5494C08-D55D-451D-AD68-3B33EFF8DB95}.Release|x64.ActiveCfg = Release|Any CPU
		{D5494C08-D55D-451D-AD68-3B33EFF8DB95}.Release|x64.Build.0 = Release|Any CPU
		{D5494C08-D55D-451D-AD68-3B33EFF8DB95}.Release|x86.ActiveCfg = Release|Any CPU
		{D5494C08-D55D-451D-AD68-3B33EFF8DB95}.Release|x86.Build.0 = Release|Any CPU
		{233A2D43-4DB5-4730-8108-93A321894790}.Debug|Any CPU.ActiveCfg = Debug|Any CPU
		{233A2D43-4DB5-4730-8108-93A321894790}.Debug|Any CPU.Build.0 = Debug|Any CPU
		{233A2D43-4DB5-4730-8108-93A321894790}.Debug|x64.ActiveCfg = Debug|Any CPU
		{233A2D43-4DB5-4730-8108-93A321894790}.Debug|x64.Build.0 = Debug|Any CPU
		{233A2D43-4DB5-4730-8108-93A321894790}.Debug|x86.ActiveCfg = Debug|Any CPU
		{233A2D43-4DB5-4730-8108-93A321894790}.Debug|x86.Build.0 = Debug|Any CPU
		{233A2D43-4DB5-4730-8108-93A321894790}.Release|Any CPU.ActiveCfg = Release|Any CPU
		{233A2D43-4DB5-4730-8108-93A321894790}.Release|Any CPU.Build.0 = Release|Any CPU
		{233A2D43-4DB5-4730-8108-93A321894790}.Release|x64.ActiveCfg = Release|Any CPU
		{233A2D43-4DB5-4730-8108-93A321894790}.Release|x64.Build.0 = Release|Any CPU
		{233A2D43-4DB5-4730-8108-93A321894790}.Release|x86.ActiveCfg = Release|Any CPU
		{233A2D43-4DB5-4730-8108-93A321894790}.Release|x86.Build.0 = Release|Any CPU
		{83AF8DC6-A50C-4668-8B62-CCD9EE5C9090}.Debug|Any CPU.ActiveCfg = Debug|Any CPU
		{83AF8DC6-A50C-4668-8B62-CCD9EE5C9090}.Debug|Any CPU.Build.0 = Debug|Any CPU
		{83AF8DC6-A50C-4668-8B62-CCD9EE5C9090}.Debug|x64.ActiveCfg = Debug|Any CPU
		{83AF8DC6-A50C-4668-8B62-CCD9EE5C9090}.Debug|x64.Build.0 = Debug|Any CPU
		{83AF8DC6-A50C-4668-8B62-CCD9EE5C9090}.Debug|x86.ActiveCfg = Debug|Any CPU
		{83AF8DC6-A50C-4668-8B62-CCD9EE5C9090}.Debug|x86.Build.0 = Debug|Any CPU
		{83AF8DC6-A50C-4668-8B62-CCD9EE5C9090}.Release|Any CPU.ActiveCfg = Release|Any CPU
		{83AF8DC6-A50C-4668-8B62-CCD9EE5C9090}.Release|Any CPU.Build.0 = Release|Any CPU
		{83AF8DC6-A50C-4668-8B62-CCD9EE5C9090}.Release|x64.ActiveCfg = Release|Any CPU
		{83AF8DC6-A50C-4668-8B62-CCD9EE5C9090}.Release|x64.Build.0 = Release|Any CPU
		{83AF8DC6-A50C-4668-8B62-CCD9EE5C9090}.Release|x86.ActiveCfg = Release|Any CPU
		{83AF8DC6-A50C-4668-8B62-CCD9EE5C9090}.Release|x86.Build.0 = Release|Any CPU
		{A4C95718-405A-4E1C-93BA-691E35C09F84}.Debug|Any CPU.ActiveCfg = Debug|Any CPU
		{A4C95718-405A-4E1C-93BA-691E35C09F84}.Debug|Any CPU.Build.0 = Debug|Any CPU
		{A4C95718-405A-4E1C-93BA-691E35C09F84}.Debug|x64.ActiveCfg = Debug|Any CPU
		{A4C95718-405A-4E1C-93BA-691E35C09F84}.Debug|x64.Build.0 = Debug|Any CPU
		{A4C95718-405A-4E1C-93BA-691E35C09F84}.Debug|x86.ActiveCfg = Debug|Any CPU
		{A4C95718-405A-4E1C-93BA-691E35C09F84}.Debug|x86.Build.0 = Debug|Any CPU
		{A4C95718-405A-4E1C-93BA-691E35C09F84}.Release|Any CPU.ActiveCfg = Release|Any CPU
		{A4C95718-405A-4E1C-93BA-691E35C09F84}.Release|Any CPU.Build.0 = Release|Any CPU
		{A4C95718-405A-4E1C-93BA-691E35C09F84}.Release|x64.ActiveCfg = Release|Any CPU
		{A4C95718-405A-4E1C-93BA-691E35C09F84}.Release|x64.Build.0 = Release|Any CPU
		{A4C95718-405A-4E1C-93BA-691E35C09F84}.Release|x86.ActiveCfg = Release|Any CPU
		{A4C95718-405A-4E1C-93BA-691E35C09F84}.Release|x86.Build.0 = Release|Any CPU
		{FDC14530-77A1-4C2C-A8AB-F3E0522DD04C}.Debug|Any CPU.ActiveCfg = Debug|Any CPU
		{FDC14530-77A1-4C2C-A8AB-F3E0522DD04C}.Debug|Any CPU.Build.0 = Debug|Any CPU
		{FDC14530-77A1-4C2C-A8AB-F3E0522DD04C}.Debug|x64.ActiveCfg = Debug|Any CPU
		{FDC14530-77A1-4C2C-A8AB-F3E0522DD04C}.Debug|x64.Build.0 = Debug|Any CPU
		{FDC14530-77A1-4C2C-A8AB-F3E0522DD04C}.Debug|x86.ActiveCfg = Debug|Any CPU
		{FDC14530-77A1-4C2C-A8AB-F3E0522DD04C}.Debug|x86.Build.0 = Debug|Any CPU
		{FDC14530-77A1-4C2C-A8AB-F3E0522DD04C}.Release|Any CPU.ActiveCfg = Release|Any CPU
		{FDC14530-77A1-4C2C-A8AB-F3E0522DD04C}.Release|Any CPU.Build.0 = Release|Any CPU
		{FDC14530-77A1-4C2C-A8AB-F3E0522DD04C}.Release|x64.ActiveCfg = Release|Any CPU
		{FDC14530-77A1-4C2C-A8AB-F3E0522DD04C}.Release|x64.Build.0 = Release|Any CPU
		{FDC14530-77A1-4C2C-A8AB-F3E0522DD04C}.Release|x86.ActiveCfg = Release|Any CPU
		{FDC14530-77A1-4C2C-A8AB-F3E0522DD04C}.Release|x86.Build.0 = Release|Any CPU
		{B309298B-9C98-4F23-8A55-50F1C5A2696E}.Debug|Any CPU.ActiveCfg = Debug|Any CPU
		{B309298B-9C98-4F23-8A55-50F1C5A2696E}.Debug|Any CPU.Build.0 = Debug|Any CPU
		{B309298B-9C98-4F23-8A55-50F1C5A2696E}.Debug|x64.ActiveCfg = Debug|Any CPU
		{B309298B-9C98-4F23-8A55-50F1C5A2696E}.Debug|x64.Build.0 = Debug|Any CPU
		{B309298B-9C98-4F23-8A55-50F1C5A2696E}.Debug|x86.ActiveCfg = Debug|Any CPU
		{B309298B-9C98-4F23-8A55-50F1C5A2696E}.Debug|x86.Build.0 = Debug|Any CPU
		{B309298B-9C98-4F23-8A55-50F1C5A2696E}.Release|Any CPU.ActiveCfg = Release|Any CPU
		{B309298B-9C98-4F23-8A55-50F1C5A2696E}.Release|Any CPU.Build.0 = Release|Any CPU
		{B309298B-9C98-4F23-8A55-50F1C5A2696E}.Release|x64.ActiveCfg = Release|Any CPU
		{B309298B-9C98-4F23-8A55-50F1C5A2696E}.Release|x64.Build.0 = Release|Any CPU
		{B309298B-9C98-4F23-8A55-50F1C5A2696E}.Release|x86.ActiveCfg = Release|Any CPU
		{B309298B-9C98-4F23-8A55-50F1C5A2696E}.Release|x86.Build.0 = Release|Any CPU
		{EA3ACF4D-C764-4F09-92F3-9D5A81F96553}.Debug|Any CPU.ActiveCfg = Debug|Any CPU
		{EA3ACF4D-C764-4F09-92F3-9D5A81F96553}.Debug|Any CPU.Build.0 = Debug|Any CPU
		{EA3ACF4D-C764-4F09-92F3-9D5A81F96553}.Debug|x64.ActiveCfg = Debug|Any CPU
		{EA3ACF4D-C764-4F09-92F3-9D5A81F96553}.Debug|x64.Build.0 = Debug|Any CPU
		{EA3ACF4D-C764-4F09-92F3-9D5A81F96553}.Debug|x86.ActiveCfg = Debug|Any CPU
		{EA3ACF4D-C764-4F09-92F3-9D5A81F96553}.Debug|x86.Build.0 = Debug|Any CPU
		{EA3ACF4D-C764-4F09-92F3-9D5A81F96553}.Release|Any CPU.ActiveCfg = Release|Any CPU
		{EA3ACF4D-C764-4F09-92F3-9D5A81F96553}.Release|Any CPU.Build.0 = Release|Any CPU
		{EA3ACF4D-C764-4F09-92F3-9D5A81F96553}.Release|x64.ActiveCfg = Release|Any CPU
		{EA3ACF4D-C764-4F09-92F3-9D5A81F96553}.Release|x64.Build.0 = Release|Any CPU
		{EA3ACF4D-C764-4F09-92F3-9D5A81F96553}.Release|x86.ActiveCfg = Release|Any CPU
		{EA3ACF4D-C764-4F09-92F3-9D5A81F96553}.Release|x86.Build.0 = Release|Any CPU
	EndGlobalSection
	GlobalSection(SolutionProperties) = preSolution
		HideSolutionNode = FALSE
	EndGlobalSection
	GlobalSection(ExtensibilityGlobals) = postSolution
		SolutionGuid = {DF0C43E1-E581-436F-93B7-8EB2DA6EEA79}
	EndGlobalSection
EndGlobal
